{
  "name": "strobot",
  "version": "1.0.0",
  "lockfileVersion": 1,
  "dependencies": {
    "comma-separated-values": {
      "version": "3.6.4",
      "resolved": "https://registry.npmjs.org/comma-separated-values/-/comma-separated-values-3.6.4.tgz",
      "integrity": "sha1-wwnscCT3S3rhkiM3IFQkJhfjW9I="
    },
    "q": {
      "version": "1.5.0",
      "resolved": "https://registry.npmjs.org/q/-/q-1.5.0.tgz",
      "integrity": "sha1-3QG6ydBtMObyGa7LglPunr3DCPE="
    },
    "Q": {
      "version": "0.0.1",
      "resolved": "https://registry.npmjs.org/Q/-/Q-0.0.1.tgz",
      "integrity": "sha1-yBBYQMUelyi1jk8UoChSFayHHqs="
    },
    "uuid": {
      "version": "3.1.0",
      "resolved": "https://registry.npmjs.org/uuid/-/uuid-3.1.0.tgz",
      "integrity": "sha512-DIWtzUkw04M4k3bf1IcpS2tngXEL26YUD2M0tMDUpnUrz2hgzUBlD55a4FjdLGPvfHxS6uluGWvaVEqgBcVa+g=="
    }
  }
}
